dependencies:
  espressif/asio:
    component_hash: 27069b3f640bb58e2cbceb6bc13dd8f791a2c11b38080543f1858b6104e45b98
    source:
      service_url: https://api.components.espressif.com/
      type: service
    version: 1.14.1~3
  espressif/esp_modem:
    component_hash: 39f97701c327104ad19b55086e3aca1c47bd9d6f7f15c44eed32d0b06cdc3616
    source:
      service_url: https://api.components.espressif.com/
      type: service
    version: 0.1.28
  espressif/esp_websocket_client:
    component_hash: fe199a31269568cfdf67b52c8a338f8befa4d3385041b9e1a601ed3ee10b5c64
    source:
      service_url: https://api.components.espressif.com/
      type: service
    version: 0.0.4
  espressif/mdns:
    component_hash: 53b22a3b01d0b61180369a5dab00e271f1e725164b6affbc73af85e80b043658
    source:
      service_url: https://api.components.espressif.com/
      type: service
    version: 1.2.0
  idf:
    component_hash: null
    source:
      type: idf
    version: 5.0.0
manifest_hash: 73123bfa0f5ee89ce68bfb3a99eb3a52bba8b533bb15362256e20a1ce1c62301
target: esp32
version: 1.0.0
